
Microsoft Visual Studio Solution File, Format Version 12.00
# Visual Studio Version 17
VisualStudioVersion = 17.14.36327.8 d17.14
MinimumVisualStudioVersion = 10.0.40219.1
Project("{FAE04EC0-301F-11D3-BF4B-00C04F79EFBC}") = "WindowsFormsApp1", "WindowsFormsApp1\WindowsFormsApp1.csproj", "{5F9A88B5-4FED-4C97-9CFB-7166AFF17874}"
EndProject
Global
	GlobalSection(SolutionConfigurationPlatforms) = preSolution
		Debug|Any CPU = Debug|Any CPU
		Release|Any CPU = Release|Any CPU
	EndGlobalSection
	GlobalSection(ProjectConfigurationPlatforms) = postSolution
		{5F9A88B5-4FED-4C97-9CFB-7166AFF17874}.Debug|Any CPU.ActiveCfg = Debug|Any CPU
		{5F9A88B5-4FED-4C97-9CFB-7166AFF17874}.Debug|Any CPU.Build.0 = Debug|Any CPU
		{5F9A88B5-4FED-4C97-9CFB-7166AFF17874}.Release|Any CPU.ActiveCfg = Release|Any CPU
		{5F9A88B5-4FED-4C97-9CFB-7166AFF17874}.Release|Any CPU.Build.0 = Release|Any CPU
	EndGlobalSection
	GlobalSection(SolutionProperties) = preSolution
		HideSolutionNode = FALSE
	EndGlobalSection
	GlobalSection(ExtensibilityGlobals) = postSolution
		SolutionGuid = {8E79E39F-D010-4A93-898E-CBC8505E3B11}
	EndGlobalSection
EndGlobal
